
Microsoft Visual Studio Solution File, Format Version 12.00
# Visual Studio Version 17
VisualStudioVersion = 17.0.31903.59
MinimumVisualStudioVersion = 10.0.40219.1
Project("{FAE04EC0-301F-11D3-BF4B-00C04F79EFBC}") = "ElasticSearchApi.Api", "src\ElasticSearchApi.Api\ElasticSearchApi.Api.csproj", "{A1B2C3D4-E5F6-7890-ABCD-EF1234567890}"
EndProject
Project("{FAE04EC0-301F-11D3-BF4B-00C04F79EFBC}") = "ElasticSearchApi.Application", "src\ElasticSearchApi.Application\ElasticSearchApi.Application.csproj", "{B2C3D4E5-F6A7-8901-BCDE-F23456789012}"
EndProject
Project("{FAE04EC0-301F-11D3-BF4B-00C04F79EFBC}") = "ElasticSearchApi.Infrastructure", "src\ElasticSearchApi.Infrastructure\ElasticSearchApi.Infrastructure.csproj", "{C3D4E5F6-A7B8-9012-CDEF-345678901234}"
EndProject
Project("{FAE04EC0-301F-11D3-BF4B-00C04F79EFBC}") = "ElasticSearchApi.Domain", "src\ElasticSearchApi.Domain\ElasticSearchApi.Domain.csproj", "{D4E5F6A7-B8C9-0123-DEF4-56789012345A}"
EndProject
Project("{2150E333-8FDC-42A3-9474-1A3956D46DE8}") = "src", "src", "{E5F6A7B8-C9D0-1234-EF45-6789012345AB}"
EndProject
Project("{2150E333-8FDC-42A3-9474-1A3956D46DE8}") = "tests", "tests", "{F6A7B8C9-D0E1-2345-F456-789012345ABC}"
EndProject
Project("{FAE04EC0-301F-11D3-BF4B-00C04F79EFBC}") = "ElasticSearchApi.Tests", "tests\ElasticSearchApi.Tests\ElasticSearchApi.Tests.csproj", "{7A8D3D14-2F37-4DAD-8AF0-8774782FD3EB}"
EndProject
Global
	GlobalSection(SolutionConfigurationPlatforms) = preSolution
		Debug|Any CPU = Debug|Any CPU
		Debug|x64 = Debug|x64
		Debug|x86 = Debug|x86
		Release|Any CPU = Release|Any CPU
		Release|x64 = Release|x64
		Release|x86 = Release|x86
	EndGlobalSection
	GlobalSection(ProjectConfigurationPlatforms) = postSolution
		{A1B2C3D4-E5F6-7890-ABCD-EF1234567890}.Debug|Any CPU.ActiveCfg = Debug|Any CPU
		{A1B2C3D4-E5F6-7890-ABCD-EF1234567890}.Debug|Any CPU.Build.0 = Debug|Any CPU
		{A1B2C3D4-E5F6-7890-ABCD-EF1234567890}.Debug|x64.ActiveCfg = Debug|Any CPU
		{A1B2C3D4-E5F6-7890-ABCD-EF1234567890}.Debug|x64.Build.0 = Debug|Any CPU
		{A1B2C3D4-E5F6-7890-ABCD-EF1234567890}.Debug|x86.ActiveCfg = Debug|Any CPU
		{A1B2C3D4-E5F6-7890-ABCD-EF1234567890}.Debug|x86.Build.0 = Debug|Any CPU
		{A1B2C3D4-E5F6-7890-ABCD-EF1234567890}.Release|Any CPU.ActiveCfg = Release|Any CPU
		{A1B2C3D4-E5F6-7890-ABCD-EF1234567890}.Release|Any CPU.Build.0 = Release|Any CPU
		{A1B2C3D4-E5F6-7890-ABCD-EF1234567890}.Release|x64.ActiveCfg = Release|Any CPU
		{A1B2C3D4-E5F6-7890-ABCD-EF1234567890}.Release|x64.Build.0 = Release|Any CPU
		{A1B2C3D4-E5F6-7890-ABCD-EF1234567890}.Release|x86.ActiveCfg = Release|Any CPU
		{A1B2C3D4-E5F6-7890-ABCD-EF1234567890}.Release|x86.Build.0 = Release|Any CPU
		{B2C3D4E5-F6A7-8901-BCDE-F23456789012}.Debug|Any CPU.ActiveCfg = Debug|Any CPU
		{B2C3D4E5-F6A7-8901-BCDE-F23456789012}.Debug|Any CPU.Build.0 = Debug|Any CPU
		{B2C3D4E5-F6A7-8901-BCDE-F23456789012}.Debug|x64.ActiveCfg = Debug|Any CPU
		{B2C3D4E5-F6A7-8901-BCDE-F23456789012}.Debug|x64.Build.0 = Debug|Any CPU
		{B2C3D4E5-F6A7-8901-BCDE-F23456789012}.Debug|x86.ActiveCfg = Debug|Any CPU
		{B2C3D4E5-F6A7-8901-BCDE-F23456789012}.Debug|x86.Build.0 = Debug|Any CPU
		{B2C3D4E5-F6A7-8901-BCDE-F23456789012}.Release|Any CPU.ActiveCfg = Release|Any CPU
		{B2C3D4E5-F6A7-8901-BCDE-F23456789012}.Release|Any CPU.Build.0 = Release|Any CPU
		{B2C3D4E5-F6A7-8901-BCDE-F23456789012}.Release|x64.ActiveCfg = Release|Any CPU
		{B2C3D4E5-F6A7-8901-BCDE-F23456789012}.Release|x64.Build.0 = Release|Any CPU
		{B2C3D4E5-F6A7-8901-BCDE-F23456789012}.Release|x86.ActiveCfg = Release|Any CPU
		{B2C3D4E5-F6A7-8901-BCDE-F23456789012}.Release|x86.Build.0 = Release|Any CPU
		{C3D4E5F6-A7B8-9012-CDEF-345678901234}.Debug|Any CPU.ActiveCfg = Debug|Any CPU
		{C3D4E5F6-A7B8-9012-CDEF-345678901234}.Debug|Any CPU.Build.0 = Debug|Any CPU
		{C3D4E5F6-A7B8-9012-CDEF-345678901234}.Debug|x64.ActiveCfg = Debug|Any CPU
		{C3D4E5F6-A7B8-9012-CDEF-345678901234}.Debug|x64.Build.0 = Debug|Any CPU
		{C3D4E5F6-A7B8-9012-CDEF-345678901234}.Debug|x86.ActiveCfg = Debug|Any CPU
		{C3D4E5F6-A7B8-9012-CDEF-345678901234}.Debug|x86.Build.0 = Debug|Any CPU
		{C3D4E5F6-A7B8-9012-CDEF-345678901234}.Release|Any CPU.ActiveCfg = Release|Any CPU
		{C3D4E5F6-A7B8-9012-CDEF-345678901234}.Release|Any CPU.Build.0 = Release|Any CPU
		{C3D4E5F6-A7B8-9012-CDEF-345678901234}.Release|x64.ActiveCfg = Release|Any CPU
		{C3D4E5F6-A7B8-9012-CDEF-345678901234}.Release|x64.Build.0 = Release|Any CPU
		{C3D4E5F6-A7B8-9012-CDEF-345678901234}.Release|x86.ActiveCfg = Release|Any CPU
		{C3D4E5F6-A7B8-9012-CDEF-345678901234}.Release|x86.Build.0 = Release|Any CPU
		{D4E5F6A7-B8C9-0123-DEF4-56789012345A}.Debug|Any CPU.ActiveCfg = Debug|Any CPU
		{D4E5F6A7-B8C9-0123-DEF4-56789012345A}.Debug|Any CPU.Build.0 = Debug|Any CPU
		{D4E5F6A7-B8C9-0123-DEF4-56789012345A}.Debug|x64.ActiveCfg = Debug|Any CPU
		{D4E5F6A7-B8C9-0123-DEF4-56789012345A}.Debug|x64.Build.0 = Debug|Any CPU
		{D4E5F6A7-B8C9-0123-DEF4-56789012345A}.Debug|x86.ActiveCfg = Debug|Any CPU
		{D4E5F6A7-B8C9-0123-DEF4-56789012345A}.Debug|x86.Build.0 = Debug|Any CPU
		{D4E5F6A7-B8C9-0123-DEF4-56789012345A}.Release|Any CPU.ActiveCfg = Release|Any CPU
		{D4E5F6A7-B8C9-0123-DEF4-56789012345A}.Release|Any CPU.Build.0 = Release|Any CPU
		{D4E5F6A7-B8C9-0123-DEF4-56789012345A}.Release|x64.ActiveCfg = Release|Any CPU
		{D4E5F6A7-B8C9-0123-DEF4-56789012345A}.Release|x64.Build.0 = Release|Any CPU
		{D4E5F6A7-B8C9-0123-DEF4-56789012345A}.Release|x86.ActiveCfg = Release|Any CPU
		{D4E5F6A7-B8C9-0123-DEF4-56789012345A}.Release|x86.Build.0 = Release|Any CPU
		{7A8D3D14-2F37-4DAD-8AF0-8774782FD3EB}.Debug|Any CPU.ActiveCfg = Debug|Any CPU
		{7A8D3D14-2F37-4DAD-8AF0-8774782FD3EB}.Debug|Any CPU.Build.0 = Debug|Any CPU
		{7A8D3D14-2F37-4DAD-8AF0-8774782FD3EB}.Debug|x64.ActiveCfg = Debug|Any CPU
		{7A8D3D14-2F37-4DAD-8AF0-8774782FD3EB}.Debug|x64.Build.0 = Debug|Any CPU
		{7A8D3D14-2F37-4DAD-8AF0-8774782FD3EB}.Debug|x86.ActiveCfg = Debug|Any CPU
		{7A8D3D14-2F37-4DAD-8AF0-8774782FD3EB}.Debug|x86.Build.0 = Debug|Any CPU
		{7A8D3D14-2F37-4DAD-8AF0-8774782FD3EB}.Release|Any CPU.ActiveCfg = Release|Any CPU
		{7A8D3D14-2F37-4DAD-8AF0-8774782FD3EB}.Release|Any CPU.Build.0 = Release|Any CPU
		{7A8D3D14-2F37-4DAD-8AF0-8774782FD3EB}.Release|x64.ActiveCfg = Release|Any CPU
		{7A8D3D14-2F37-4DAD-8AF0-8774782FD3EB}.Release|x64.Build.0 = Release|Any CPU
		{7A8D3D14-2F37-4DAD-8AF0-8774782FD3EB}.Release|x86.ActiveCfg = Release|Any CPU
		{7A8D3D14-2F37-4DAD-8AF0-8774782FD3EB}.Release|x86.Build.0 = Release|Any CPU
	EndGlobalSection
	GlobalSection(SolutionProperties) = preSolution
		HideSolutionNode = FALSE
	EndGlobalSection
	GlobalSection(NestedProjects) = preSolution
		{A1B2C3D4-E5F6-7890-ABCD-EF1234567890} = {E5F6A7B8-C9D0-1234-EF45-6789012345AB}
		{B2C3D4E5-F6A7-8901-BCDE-F23456789012} = {E5F6A7B8-C9D0-1234-EF45-6789012345AB}
		{C3D4E5F6-A7B8-9012-CDEF-345678901234} = {E5F6A7B8-C9D0-1234-EF45-6789012345AB}
		{D4E5F6A7-B8C9-0123-DEF4-56789012345A} = {E5F6A7B8-C9D0-1234-EF45-6789012345AB}
		{7A8D3D14-2F37-4DAD-8AF0-8774782FD3EB} = {F6A7B8C9-D0E1-2345-F456-789012345ABC}
	EndGlobalSection
EndGlobal
